
Microsoft Visual Studio Solution File, Format Version 12.00
# Visual Studio Version 17
VisualStudioVersion = 17.13.35825.156 d17.13
MinimumVisualStudioVersion = 10.0.40219.1
Project("{54A90642-561A-4BB1-A94E-469ADEE60C69}") = "qualifyapp", "qualifyapp.esproj", "{4042280C-DDA7-06B0-5658-FBA14C75D552}"
EndProject
Global
	GlobalSection(SolutionConfigurationPlatforms) = preSolution
		Debug|Any CPU = Debug|Any CPU
		Release|Any CPU = Release|Any CPU
	EndGlobalSection
	GlobalSection(ProjectConfigurationPlatforms) = postSolution
		{4042280C-DDA7-06B0-5658-FBA14C75D552}.Debug|Any CPU.ActiveCfg = Debug|Any CPU
		{4042280C-DDA7-06B0-5658-FBA14C75D552}.Debug|Any CPU.Build.0 = Debug|Any CPU
		{4042280C-DDA7-06B0-5658-FBA14C75D552}.Debug|Any CPU.Deploy.0 = Debug|Any CPU
		{4042280C-DDA7-06B0-5658-FBA14C75D552}.Release|Any CPU.ActiveCfg = Release|Any CPU
		{4042280C-DDA7-06B0-5658-FBA14C75D552}.Release|Any CPU.Build.0 = Release|Any CPU
		{4042280C-DDA7-06B0-5658-FBA14C75D552}.Release|Any CPU.Deploy.0 = Release|Any CPU
	EndGlobalSection
	GlobalSection(SolutionProperties) = preSolution
		HideSolutionNode = FALSE
	EndGlobalSection
	GlobalSection(ExtensibilityGlobals) = postSolution
		SolutionGuid = {7CE4F3DC-CEA4-4911-ABFD-E3DC533E6D88}
	EndGlobalSection
EndGlobal
